
Microsoft Visual Studio Solution File, Format Version 12.00
# Visual Studio 15
Project("{FAE04EC0-301F-11D3-BF4B-00C04F79EFBC}") = "Bob", "Bob\Bob.csproj", "{127E75AB-AFFF-4A1E-96B6-2C3AF7339658}"
EndProject
Global
	GlobalSection(SolutionConfigurationPlatforms) = preSolution
		Debug|Any CPU = Debug|Any CPU
		Release|Any CPU = Release|Any CPU
	EndGlobalSection
	GlobalSection(ProjectConfigurationPlatforms) = postSolution
		{127E75AB-AFFF-4A1E-96B6-2C3AF7339658}.Debug|Any CPU.ActiveCfg = Debug|Any CPU
		{127E75AB-AFFF-4A1E-96B6-2C3AF7339658}.Debug|Any CPU.Build.0 = Debug|Any CPU
		{127E75AB-AFFF-4A1E-96B6-2C3AF7339658}.Release|Any CPU.ActiveCfg = Release|Any CPU
		{127E75AB-AFFF-4A1E-96B6-2C3AF7339658}.Release|Any CPU.Build.0 = Release|Any CPU
	EndGlobalSection
EndGlobal
